
Microsoft Visual Studio Solution File, Format Version 12.00
# Visual Studio 2013
VisualStudioVersion = 12.0.31101.0
MinimumVisualStudioVersion = 10.0.40219.1
Project("{FAE04EC0-301F-11D3-BF4B-00C04F79EFBC}") = "TemplateApp", "TemplateApp\TemplateApp.csproj", "{90C426A4-CEA4-4785-98F5-2F7A916D2821}"
EndProject
Project("{FAE04EC0-301F-11D3-BF4B-00C04F79EFBC}") = "TemplateApp.Tests", "TemplateApp.Tests\TemplateApp.Tests.csproj", "{DEEFC595-B9E8-431D-8D80-042FE4C39160}"
EndProject
Global
	GlobalSection(SolutionConfigurationPlatforms) = preSolution
		Debug|Any CPU = Debug|Any CPU
		Release|Any CPU = Release|Any CPU
	EndGlobalSection
	GlobalSection(ProjectConfigurationPlatforms) = postSolution
		{90C426A4-CEA4-4785-98F5-2F7A916D2821}.Debug|Any CPU.ActiveCfg = Debug|Any CPU
		{90C426A4-CEA4-4785-98F5-2F7A916D2821}.Debug|Any CPU.Build.0 = Debug|Any CPU
		{90C426A4-CEA4-4785-98F5-2F7A916D2821}.Release|Any CPU.ActiveCfg = Release|Any CPU
		{90C426A4-CEA4-4785-98F5-2F7A916D2821}.Release|Any CPU.Build.0 = Release|Any CPU
		{DEEFC595-B9E8-431D-8D80-042FE4C39160}.Debug|Any CPU.ActiveCfg = Debug|Any CPU
		{DEEFC595-B9E8-431D-8D80-042FE4C39160}.Debug|Any CPU.Build.0 = Debug|Any CPU
		{DEEFC595-B9E8-431D-8D80-042FE4C39160}.Release|Any CPU.ActiveCfg = Release|Any CPU
		{DEEFC595-B9E8-431D-8D80-042FE4C39160}.Release|Any CPU.Build.0 = Release|Any CPU
	EndGlobalSection
	GlobalSection(SolutionProperties) = preSolution
		HideSolutionNode = FALSE
	EndGlobalSection
EndGlobal
